
Microsoft Visual Studio Solution File, Format Version 12.00
# Visual Studio 15
VisualStudioVersion = 15.0.28307.1145
MinimumVisualStudioVersion = 10.0.40219.1
Project("{888888A0-9F3D-457C-B088-3A5042F75D52}") = "DjangoPolls", "DjangoPolls\DjangoPolls.pyproj", "{2915A63C-81B7-45A2-9A02-B523F109AD52}"
EndProject
Global
	GlobalSection(SolutionConfigurationPlatforms) = preSolution
		Debug|Any CPU = Debug|Any CPU
		Release|Any CPU = Release|Any CPU
	EndGlobalSection
	GlobalSection(ProjectConfigurationPlatforms) = postSolution
		{2915A63C-81B7-45A2-9A02-B523F109AD52}.Debug|Any CPU.ActiveCfg = Debug|Any CPU
		{2915A63C-81B7-45A2-9A02-B523F109AD52}.Debug|Any CPU.Build.0 = Debug|Any CPU
		{2915A63C-81B7-45A2-9A02-B523F109AD52}.Release|Any CPU.ActiveCfg = Release|Any CPU
		{2915A63C-81B7-45A2-9A02-B523F109AD52}.Release|Any CPU.Build.0 = Release|Any CPU
	EndGlobalSection
	GlobalSection(SolutionProperties) = preSolution
		HideSolutionNode = FALSE
	EndGlobalSection
	GlobalSection(ExtensibilityGlobals) = postSolution
		SolutionGuid = {5D2DC690-35AF-4618-BFED-D320CA9BA266}
	EndGlobalSection
EndGlobal
